// !$*UTF8*$!
{
	archiveVersion = 1;
	classes = {
	};
	objectVersion = 46;
	objects = {

/* Begin PBXBuildFile section */
		DAA6E1BD1ED61655008F3A55 /* AppDelegate.swift in Sources */ = {isa = PBXBuildFile; fileRef = DAA6E1BC1ED61655008F3A55 /* AppDelegate.swift */; };
		DAA6E1BF1ED61655008F3A55 /* ViewController.swift in Sources */ = {isa = PBXBuildFile; fileRef = DAA6E1BE1ED61655008F3A55 /* ViewController.swift */; };
		DAA6E1C21ED61655008F3A55 /* Main.storyboard in Resources */ = {isa = PBXBuildFile; fileRef = DAA6E1C01ED61655008F3A55 /* Main.storyboard */; };
		DAA6E1C41ED61655008F3A55 /* Assets.xcassets in Resources */ = {isa = PBXBuildFile; fileRef = DAA6E1C31ED61655008F3A55 /* Assets.xcassets */; };
		DAA6E1C71ED61655008F3A55 /* LaunchScreen.storyboard in Resources */ = {isa = PBXBuildFile; fileRef = DAA6E1C51ED61655008F3A55 /* LaunchScreen.storyboard */; };
		DAA6E1D21ED61655008F3A55 /* RealmForecastAppTests.swift in Sources */ = {isa = PBXBuildFile; fileRef = DAA6E1D11ED61655008F3A55 /* RealmForecastAppTests.swift */; };
/* End PBXBuildFile section */

/* Begin PBXContainerItemProxy section */
		DAA6E1CE1ED61655008F3A55 /* PBXContainerItemProxy */ = {
			isa = PBXContainerItemProxy;
			containerPortal = DAA6E1B11ED61655008F3A55 /* Project object */;
			proxyType = 1;
			remoteGlobalIDString = DAA6E1B81ED61655008F3A55;
			remoteInfo = RealmForecastApp;
		};
/* End PBXContainerItemProxy section */

/* Begin PBXFileReference section */
		DAA6E1B91ED61655008F3A55 /* RealmForecastApp.app */ = {isa = PBXFileReference; explicitFileType = wrapper.application; includeInIndex = 0; path = RealmForecastApp.app; sourceTree = BUILT_PRODUCTS_DIR; };
		DAA6E1BC1ED61655008F3A55 /* AppDelegate.swift */ = {isa = PBXFileReference; lastKnownFileType = sourcecode.swift; path = AppDelegate.swift; sourceTree = "<group>"; };
		DAA6E1BE1ED61655008F3A55 /* ViewController.swift */ = {isa = PBXFileReference; lastKnownFileType = sourcecode.swift; path = ViewController.swift; sourceTree = "<group>"; };
		DAA6E1C11ED61655008F3A55 /* Base */ = {isa = PBXFileReference; lastKnownFileType = file.storyboard; name = Base; path = Base.lproj/Main.storyboard; sourceTree = "<group>"; };
		DAA6E1C31ED61655008F3A55 /* Assets.xcassets */ = {isa = PBXFileReference; lastKnownFileType = folder.assetcatalog; path = Assets.xcassets; sourceTree = "<group>"; };
		DAA6E1C61ED61655008F3A55 /* Base */ = {isa = PBXFileReference; lastKnownFileType = file.storyboard; name = Base; path = Base.lproj/LaunchScreen.storyboard; sourceTree = "<group>"; };
		DAA6E1C81ED61655008F3A55 /* Info.plist */ = {isa = PBXFileReference; lastKnownFileType = text.plist.xml; path = Info.plist; sourceTree = "<group>"; };
		DAA6E1CD1ED61655008F3A55 /* RealmForecastAppTests.xctest */ = {isa = PBXFileReference; explicitFileType = wrapper.cfbundle; includeInIndex = 0; path = RealmForecastAppTests.xctest; sourceTree = BUILT_PRODUCTS_DIR; };
		DAA6E1D11ED61655008F3A55 /* RealmForecastAppTests.swift */ = {isa = PBXFileReference; lastKnownFileType = sourcecode.swift; path = RealmForecastAppTests.swift; sourceTree = "<group>"; };
		DAA6E1D31ED61655008F3A55 /* Info.plist */ = {isa = PBXFileReference; lastKnownFileType = text.plist.xml; path = Info.plist; sourceTree = "<group>"; };
/* End PBXFileReference section */

/* Begin PBXFrameworksBuildPhase section */
		DAA6E1B61ED61655008F3A55 /* Frameworks */ = {
			isa = PBXFrameworksBuildPhase;
			buildActionMask = 2147483647;
			files = (
			);
			runOnlyForDeploymentPostprocessing = 0;
		};
		DAA6E1CA1ED61655008F3A55 /* Frameworks */ = {
			isa = PBXFrameworksBuildPhase;
			buildActionMask = 2147483647;
			files = (
			);
			runOnlyForDeploymentPostprocessing = 0;
		};
/* End PBXFrameworksBuildPhase section */

/* Begin PBXGroup section */
		DAA6E1B01ED61655008F3A55 = {
			isa = PBXGroup;
			children = (
				DAA6E1BB1ED61655008F3A55 /* RealmForecastApp */,
				DAA6E1D01ED61655008F3A55 /* RealmForecastAppTests */,
				DAA6E1BA1ED61655008F3A55 /* Products */,
			);
			sourceTree = "<group>";
		};
		DAA6E1BA1ED61655008F3A55 /* Products */ = {
			isa = PBXGroup;
			children = (
				DAA6E1B91ED61655008F3A55 /* RealmForecastApp.app */,
				DAA6E1CD1ED61655008F3A55 /* RealmForecastAppTests.xctest */,
			);
			name = Products;
			sourceTree = "<group>";
		};
		DAA6E1BB1ED61655008F3A55 /* RealmForecastApp */ = {
			isa = PBXGroup;
			children = (
				DAA6E1BC1ED61655008F3A55 /* AppDelegate.swift */,
				DAA6E1BE1ED61655008F3A55 /* ViewController.swift */,
				DAA6E1C01ED61655008F3A55 /* Main.storyboard */,
				DAA6E1C31ED61655008F3A55 /* Assets.xcassets */,
				DAA6E1C51ED61655008F3A55 /* LaunchScreen.storyboard */,
				DAA6E1C81ED61655008F3A55 /* Info.plist */,
			);
			path = RealmForecastApp;
			sourceTree = "<group>";
		};
		DAA6E1D01ED61655008F3A55 /* RealmForecastAppTests */ = {
			isa = PBXGroup;
			children = (
				DAA6E1D11ED61655008F3A55 /* RealmForecastAppTests.swift */,
				DAA6E1D31ED61655008F3A55 /* Info.plist */,
			);
			path = RealmForecastAppTests;
			sourceTree = "<group>";
		};
/* End PBXGroup section */

/* Begin PBXNativeTarget section */
		DAA6E1B81ED61655008F3A55 /* RealmForecastApp */ = {
			isa = PBXNativeTarget;
			buildConfigurationList = DAA6E1D61ED61655008F3A55 /* Build configuration list for PBXNativeTarget "RealmForecastApp" */;
			buildPhases = (
				DAA6E1B51ED61655008F3A55 /* Sources */,
				DAA6E1B61ED61655008F3A55 /* Frameworks */,
				DAA6E1B71ED61655008F3A55 /* Resources */,
			);
			buildRules = (
			);
			dependencies = (
			);
			name = RealmForecastApp;
			productName = RealmForecastApp;
			productReference = DAA6E1B91ED61655008F3A55 /* RealmForecastApp.app */;
			productType = "com.apple.product-type.application";
		};
		DAA6E1CC1ED61655008F3A55 /* RealmForecastAppTests */ = {
			isa = PBXNativeTarget;
			buildConfigurationList = DAA6E1D91ED61655008F3A55 /* Build configuration list for PBXNativeTarget "RealmForecastAppTests" */;
			buildPhases = (
				DAA6E1C91ED61655008F3A55 /* Sources */,
				DAA6E1CA1ED61655008F3A55 /* Frameworks */,
				DAA6E1CB1ED61655008F3A55 /* Resources */,
			);
			buildRules = (
			);
			dependencies = (
				DAA6E1CF1ED61655008F3A55 /* PBXTargetDependency */,
			);
			name = RealmForecastAppTests;
			productName = RealmForecastAppTests;
			productReference = DAA6E1CD1ED61655008F3A55 /* RealmForecastAppTests.xctest */;
			productType = "com.apple.product-type.bundle.unit-test";
		};
/* End PBXNativeTarget section */

/* Begin PBXProject section */
		DAA6E1B11ED61655008F3A55 /* Project object */ = {
			isa = PBXProject;
			attributes = {
				LastSwiftUpdateCheck = 0830;
				LastUpgradeCheck = 0830;
				ORGANIZATIONNAME = leomoon;
				TargetAttributes = {
					DAA6E1B81ED61655008F3A55 = {
						CreatedOnToolsVersion = 8.3.2;
						DevelopmentTeam = WV7WWTD5PV;
						ProvisioningStyle = Automatic;
					};
					DAA6E1CC1ED61655008F3A55 = {
						CreatedOnToolsVersion = 8.3.2;
						DevelopmentTeam = UZD8JHA5UW;
						ProvisioningStyle = Automatic;
						TestTargetID = DAA6E1B81ED61655008F3A55;
					};
				};
			};
			buildConfigurationList = DAA6E1B41ED61655008F3A55 /* Build configuration list for PBXProject "RealmForecastApp" */;
			compatibilityVersion = "Xcode 3.2";
			developmentRegion = English;
			hasScannedForEncodings = 0;
			knownRegions = (
				en,
				Base,
			);
			mainGroup = DAA6E1B01ED61655008F3A55;
			productRefGroup = DAA6E1BA1ED61655008F3A55 /* Products */;
			projectDirPath = "";
			projectRoot = "";
			targets = (
				DAA6E1B81ED61655008F3A55 /* RealmForecastApp */,
				DAA6E1CC1ED61655008F3A55 /* RealmForecastAppTests */,
			);
		};
/* End PBXProject section */

/* Begin PBXResourcesBuildPhase section */
		DAA6E1B71ED61655008F3A55 /* Resources */ = {
			isa = PBXResourcesBuildPhase;
			buildActionMask = 2147483647;
			files = (
				DAA6E1C71ED61655008F3A55 /* LaunchScreen.storyboard in Resources */,
				DAA6E1C41ED61655008F3A55 /* Assets.xcassets in Resources */,
				DAA6E1C21ED61655008F3A55 /* Main.storyboard in Resources */,
			);
			runOnlyForDeploymentPostprocessing = 0;
		};
		DAA6E1CB1ED61655008F3A55 /* Resources */ = {
			isa = PBXResourcesBuildPhase;
			buildActionMask = 2147483647;
			files = (
			);
			runOnlyForDeploymentPostprocessing = 0;
		};
/* End PBXResourcesBuildPhase section */

/* Begin PBXSourcesBuildPhase section */
		DAA6E1B51ED61655008F3A55 /* Sources */ = {
			isa = PBXSourcesBuildPhase;
			buildActionMask = 2147483647;
			files = (
				DAA6E1BF1ED61655008F3A55 /* ViewController.swift in Sources */,
				DAA6E1BD1ED61655008F3A55 /* AppDelegate.swift in Sources */,
			);
			runOnlyForDeploymentPostprocessing = 0;
		};
		DAA6E1C91ED61655008F3A55 /* Sources */ = {
			isa = PBXSourcesBuildPhase;
			buildActionMask = 2147483647;
			files = (
				DAA6E1D21ED61655008F3A55 /* RealmForecastAppTests.swift in Sources */,
			);
			runOnlyForDeploymentPostprocessing = 0;
		};
/* End PBXSourcesBuildPhase section */

/* Begin PBXTargetDependency section */
		DAA6E1CF1ED61655008F3A55 /* PBXTargetDependency */ = {
			isa = PBXTargetDependency;
			target = DAA6E1B81ED61655008F3A55 /* RealmForecastApp */;
			targetProxy = DAA6E1CE1ED61655008F3A55 /* PBXContainerItemProxy */;
		};
/* End PBXTargetDependency section */

/* Begin PBXVariantGroup section */
		DAA6E1C01ED61655008F3A55 /* Main.storyboard */ = {
			isa = PBXVariantGroup;
			children = (
				DAA6E1C11ED61655008F3A55 /* Base */,
			);
			name = Main.storyboard;
			sourceTree = "<group>";
		};
		DAA6E1C51ED61655008F3A55 /* LaunchScreen.storyboard */ = {
			isa = PBXVariantGroup;
			children = (
				DAA6E1C61ED61655008F3A55 /* Base */,
			);
			name = LaunchScreen.storyboard;
			sourceTree = "<group>";
		};
/* End PBXVariantGroup section */

/* Begin XCBuildConfiguration section */
		DAA6E1D41ED61655008F3A55 /* Debug */ = {
			isa = XCBuildConfiguration;
			buildSettings = {
				ALWAYS_SEARCH_USER_PATHS = NO;
				CLANG_ANALYZER_NONNULL = YES;
				CLANG_ANALYZER_NUMBER_OBJECT_CONVERSION = YES_AGGRESSIVE;
				CLANG_CXX_LANGUAGE_STANDARD = "gnu++0x";
				CLANG_CXX_LIBRARY = "libc++";
				CLANG_ENABLE_MODULES = YES;
				CLANG_ENABLE_OBJC_ARC = YES;
				CLANG_WARN_BOOL_CONVERSION = YES;
				CLANG_WARN_CONSTANT_CONVERSION = YES;
				CLANG_WARN_DIRECT_OBJC_ISA_USAGE = YES_ERROR;
				CLANG_WARN_DOCUMENTATION_COMMENTS = YES;
				CLANG_WARN_EMPTY_BODY = YES;
				CLANG_WARN_ENUM_CONVERSION = YES;
				CLANG_WARN_INFINITE_RECURSION = YES;
				CLANG_WARN_INT_CONVERSION = YES;
				CLANG_WARN_OBJC_ROOT_CLASS = YES_ERROR;
				CLANG_WARN_SUSPICIOUS_MOVE = YES;
				CLANG_WARN_UNREACHABLE_CODE = YES;
				CLANG_WARN__DUPLICATE_METHOD_MATCH = YES;
				"CODE_SIGN_IDENTITY[sdk=iphoneos*]" = "iPhone Developer";
				COPY_PHASE_STRIP = NO;
				DEBUG_INFORMATION_FORMAT = dwarf;
				ENABLE_STRICT_OBJC_MSGSEND = YES;
				ENABLE_TESTABILITY = YES;
				GCC_C_LANGUAGE_STANDARD = gnu99;
				GCC_DYNAMIC_NO_PIC = NO;
				GCC_NO_COMMON_BLOCKS = YES;
				GCC_OPTIMIZATION_LEVEL = 0;
				GCC_PREPROCESSOR_DEFINITIONS = (
					"DEBUG=1",
					"$(inherited)",
				);
				GCC_WARN_64_TO_32_BIT_CONVERSION = YES;
				GCC_WARN_ABOUT_RETURN_TYPE = YES_ERROR;
				GCC_WARN_UNDECLARED_SELECTOR = YES;
				GCC_WARN_UNINITIALIZED_AUTOS = YES_AGGRESSIVE;
				GCC_WARN_UNUSED_FUNCTION = YES;
				GCC_WARN_UNUSED_VARIABLE = YES;
				IPHONEOS_DEPLOYMENT_TARGET = 10.3;
				MTL_ENABLE_DEBUG_INFO = YES;
				ONLY_ACTIVE_ARCH = YES;
				SDKROOT = iphoneos;
				SWIFT_ACTIVE_COMPILATION_CONDITIONS = DEBUG;
				SWIFT_OPTIMIZATION_LEVEL = "-Onone";
				TARGETED_DEVICE_FAMILY = "1,2";
			};
			name = Debug;
		};
		DAA6E1D51ED61655008F3A55 /* Release */ = {
			isa = XCBuildConfiguration;
			buildSettings = {
				ALWAYS_SEARCH_USER_PATHS = NO;
				CLANG_ANALYZER_NONNULL = YES;
				CLANG_ANALYZER_NUMBER_OBJECT_CONVERSION = YES_AGGRESSIVE;
				CLANG_CXX_LANGUAGE_STANDARD = "gnu++0x";
				CLANG_CXX_LIBRARY = "libc++";
				CLANG_ENABLE_MODULES = YES;
				CLANG_ENABLE_OBJC_ARC = YES;
				CLANG_WARN_BOOL_CONVERSION = YES;
				CLANG_WARN_CONSTANT_CONVERSION = YES;
				CLANG_WARN_DIRECT_OBJC_ISA_USAGE = YES_ERROR;
				CLANG_WARN_DOCUMENTATION_COMMENTS = YES;
				CLANG_WARN_EMPTY_BODY = YES;
				CLANG_WARN_ENUM_CONVERSION = YES;
				CLANG_WARN_INFINITE_RECURSION = YES;
				CLANG_WARN_INT_CONVERSION = YES;
				CLANG_WARN_OBJC_ROOT_CLASS = YES_ERROR;
				CLANG_WARN_SUSPICIOUS_MOVE = YES;
				CLANG_WARN_UNREACHABLE_CODE = YES;
				CLANG_WARN__DUPLICATE_METHOD_MATCH = YES;
				"CODE_SIGN_IDENTITY[sdk=iphoneos*]" = "iPhone Developer";
				COPY_PHASE_STRIP = NO;
				DEBUG_INFORMATION_FORMAT = "dwarf-with-dsym";
				ENABLE_NS_ASSERTIONS = NO;
				ENABLE_STRICT_OBJC_MSGSEND = YES;
				GCC_C_LANGUAGE_STANDARD = gnu99;
				GCC_NO_COMMON_BLOCKS = YES;
				GCC_WARN_64_TO_32_BIT_CONVERSION = YES;
				GCC_WARN_ABOUT_RETURN_TYPE = YES_ERROR;
				GCC_WARN_UNDECLARED_SELECTOR = YES;
				GCC_WARN_UNINITIALIZED_AUTOS = YES_AGGRESSIVE;
				GCC_WARN_UNUSED_FUNCTION = YES;
				GCC_WARN_UNUSED_VARIABLE = YES;
				IPHONEOS_DEPLOYMENT_TARGET = 10.3;
				MTL_ENABLE_DEBUG_INFO = NO;
				SDKROOT = iphoneos;
				SWIFT_OPTIMIZATION_LEVEL = "-Owholemodule";
				TARGETED_DEVICE_FAMILY = "1,2";
				VALIDATE_PRODUCT = YES;
			};
			name = Release;
		};
		DAA6E1D71ED61655008F3A55 /* Debug */ = {
			isa = XCBuildConfiguration;
			buildSettings = {
				ASSETCATALOG_COMPILER_APPICON_NAME = AppIcon;
				DEVELOPMENT_TEAM = WV7WWTD5PV;
				INFOPLIST_FILE = RealmForecastApp/Info.plist;
				LD_RUNPATH_SEARCH_PATHS = "$(inherited) @executable_path/Frameworks";
				PRODUCT_BUNDLE_IDENTIFIER = com.leomoondev.RealmForecastApp;
				PRODUCT_NAME = "$(TARGET_NAME)";
				SWIFT_VERSION = 3.0;
			};
			name = Debug;
		};
		DAA6E1D81ED61655008F3A55 /* Release */ = {
			isa = XCBuildConfiguration;
			buildSettings = {
				ASSETCATALOG_COMPILER_APPICON_NAME = AppIcon;
				DEVELOPMENT_TEAM = WV7WWTD5PV;
				INFOPLIST_FILE = RealmForecastApp/Info.plist;
				LD_RUNPATH_SEARCH_PATHS = "$(inherited) @executable_path/Frameworks";
				PRODUCT_BUNDLE_IDENTIFIER = com.leomoondev.RealmForecastApp;
				PRODUCT_NAME = "$(TARGET_NAME)";
				SWIFT_VERSION = 3.0;
			};
			name = Release;
		};
		DAA6E1DA1ED61655008F3A55 /* Debug */ = {
			isa = XCBuildConfiguration;
			buildSettings = {
				ALWAYS_EMBED_SWIFT_STANDARD_LIBRARIES = YES;
				BUNDLE_LOADER = "$(TEST_HOST)";
				DEVELOPMENT_TEAM = UZD8JHA5UW;
				INFOPLIST_FILE = RealmForecastAppTests/Info.plist;
				LD_RUNPATH_SEARCH_PATHS = "$(inherited) @executable_path/Frameworks @loader_path/Frameworks";
				PRODUCT_BUNDLE_IDENTIFIER = com.leomoondev.RealmForecastAppTests;
				PRODUCT_NAME = "$(TARGET_NAME)";
				SWIFT_VERSION = 3.0;
				TEST_HOST = "$(BUILT_PRODUCTS_DIR)/RealmForecastApp.app/RealmForecastApp";
			};
			name = Debug;
		};
		DAA6E1DB1ED61655008F3A55 /* Release */ = {
			isa = XCBuildConfiguration;
			buildSettings = {
				ALWAYS_EMBED_SWIFT_STANDARD_LIBRARIES = YES;
				BUNDLE_LOADER = "$(TEST_HOST)";
				DEVELOPMENT_TEAM = UZD8JHA5UW;
				INFOPLIST_FILE = RealmForecastAppTests/Info.plist;
				LD_RUNPATH_SEARCH_PATHS = "$(inherited) @executable_path/Frameworks @loader_path/Frameworks";
				PRODUCT_BUNDLE_IDENTIFIER = com.leomoondev.RealmForecastAppTests;
				PRODUCT_NAME = "$(TARGET_NAME)";
				SWIFT_VERSION = 3.0;
				TEST_HOST = "$(BUILT_PRODUCTS_DIR)/RealmForecastApp.app/RealmForecastApp";
			};
			name = Release;
		};
/* End XCBuildConfiguration section */

/* Begin XCConfigurationList section */
		DAA6E1B41ED61655008F3A55 /* Build configuration list for PBXProject "RealmForecastApp" */ = {
			isa = XCConfigurationList;
			buildConfigurations = (
				DAA6E1D41ED61655008F3A55 /* Debug */,
				DAA6E1D51ED61655008F3A55 /* Release */,
			);
			defaultConfigurationIsVisible = 0;
			defaultConfigurationName = Release;
		};
		DAA6E1D61ED61655008F3A55 /* Build configuration list for PBXNativeTarget "RealmForecastApp" */ = {
			isa = XCConfigurationList;
			buildConfigurations = (
				DAA6E1D71ED61655008F3A55 /* Debug */,
				DAA6E1D81ED61655008F3A55 /* Release */,
			);
			defaultConfigurationIsVisible = 0;
		};
		DAA6E1D91ED61655008F3A55 /* Build configuration list for PBXNativeTarget "RealmForecastAppTests" */ = {
			isa = XCConfigurationList;
			buildConfigurations = (
				DAA6E1DA1ED61655008F3A55 /* Debug */,
				DAA6E1DB1ED61655008F3A55 /* Release */,
			);
			defaultConfigurationIsVisible = 0;
		};
/* End XCConfigurationList section */
	};
	rootObject = DAA6E1B11ED61655008F3A55 /* Project object */;
}
